
Microsoft Visual Studio Solution File, Format Version 12.00
# Visual Studio 15
VisualStudioVersion = 15.0.26730.12
MinimumVisualStudioVersion = 10.0.40219.1
Project("{FAE04EC0-301F-11D3-BF4B-00C04F79EFBC}") = "UppgiftA", "UppgiftA\UppgiftA.csproj", "{5AFD1EED-8ADA-46D6-8646-A2245671482E}"
EndProject
Global
	GlobalSection(SolutionConfigurationPlatforms) = preSolution
		Debug|Any CPU = Debug|Any CPU
		Release|Any CPU = Release|Any CPU
	EndGlobalSection
	GlobalSection(ProjectConfigurationPlatforms) = postSolution
		{5AFD1EED-8ADA-46D6-8646-A2245671482E}.Debug|Any CPU.ActiveCfg = Debug|Any CPU
		{5AFD1EED-8ADA-46D6-8646-A2245671482E}.Debug|Any CPU.Build.0 = Debug|Any CPU
		{5AFD1EED-8ADA-46D6-8646-A2245671482E}.Release|Any CPU.ActiveCfg = Release|Any CPU
		{5AFD1EED-8ADA-46D6-8646-A2245671482E}.Release|Any CPU.Build.0 = Release|Any CPU
	EndGlobalSection
	GlobalSection(SolutionProperties) = preSolution
		HideSolutionNode = FALSE
	EndGlobalSection
	GlobalSection(ExtensibilityGlobals) = postSolution
		SolutionGuid = {B9E94BE8-69C9-4436-8E10-0F0850EBB012}
	EndGlobalSection
EndGlobal
